
Microsoft Visual Studio Solution File, Format Version 12.00
# Visual Studio Version 16
VisualStudioVersion = 16.0.29102.190
MinimumVisualStudioVersion = 10.0.40219.1
Project("{FAE04EC0-301F-11D3-BF4B-00C04F79EFBC}") = "KneatSC", "KneatSC\KneatSC.csproj", "{E8AEC008-D138-468C-B1BD-B9C9C2C1697B}"
EndProject
Project("{2150E333-8FDC-42A3-9474-1A3956D46DE8}") = "src", "src", "{98751954-AE89-4DBA-9884-7B70785A95AE}"
EndProject
Project("{2150E333-8FDC-42A3-9474-1A3956D46DE8}") = "test", "test", "{2E06EEA7-BD43-472F-8F7F-5C3FFDF5F38B}"
EndProject
Project("{FAE04EC0-301F-11D3-BF4B-00C04F79EFBC}") = "KneatSC.Test", "KneatSC.Test\KneatSC.Test.csproj", "{C6DC61FC-81A2-4EBE-B99C-9869E5617532}"
EndProject
Global
	GlobalSection(SolutionConfigurationPlatforms) = preSolution
		Debug|Any CPU = Debug|Any CPU
		Release|Any CPU = Release|Any CPU
	EndGlobalSection
	GlobalSection(ProjectConfigurationPlatforms) = postSolution
		{E8AEC008-D138-468C-B1BD-B9C9C2C1697B}.Debug|Any CPU.ActiveCfg = Debug|Any CPU
		{E8AEC008-D138-468C-B1BD-B9C9C2C1697B}.Debug|Any CPU.Build.0 = Debug|Any CPU
		{E8AEC008-D138-468C-B1BD-B9C9C2C1697B}.Release|Any CPU.ActiveCfg = Release|Any CPU
		{E8AEC008-D138-468C-B1BD-B9C9C2C1697B}.Release|Any CPU.Build.0 = Release|Any CPU
		{C6DC61FC-81A2-4EBE-B99C-9869E5617532}.Debug|Any CPU.ActiveCfg = Debug|Any CPU
		{C6DC61FC-81A2-4EBE-B99C-9869E5617532}.Debug|Any CPU.Build.0 = Debug|Any CPU
		{C6DC61FC-81A2-4EBE-B99C-9869E5617532}.Release|Any CPU.ActiveCfg = Release|Any CPU
		{C6DC61FC-81A2-4EBE-B99C-9869E5617532}.Release|Any CPU.Build.0 = Release|Any CPU
	EndGlobalSection
	GlobalSection(SolutionProperties) = preSolution
		HideSolutionNode = FALSE
	EndGlobalSection
	GlobalSection(NestedProjects) = preSolution
		{E8AEC008-D138-468C-B1BD-B9C9C2C1697B} = {98751954-AE89-4DBA-9884-7B70785A95AE}
		{C6DC61FC-81A2-4EBE-B99C-9869E5617532} = {2E06EEA7-BD43-472F-8F7F-5C3FFDF5F38B}
	EndGlobalSection
	GlobalSection(ExtensibilityGlobals) = postSolution
		SolutionGuid = {4CB98495-7932-403B-8D90-7E9F62A2C313}
	EndGlobalSection
EndGlobal
